
Microsoft Visual Studio Solution File, Format Version 12.00
# Visual Studio Version 17
VisualStudioVersion = 17.8.34330.188
MinimumVisualStudioVersion = 10.0.40219.1
Project("{FAE04EC0-301F-11D3-BF4B-00C04F79EFBC}") = "traffic-service", "traffic-service.csproj", "{9DC9F7FC-507D-4B36-948A-ABD34248AD90}"
EndProject
Global
	GlobalSection(SolutionConfigurationPlatforms) = preSolution
		Debug|Any CPU = Debug|Any CPU
		Release|Any CPU = Release|Any CPU
	EndGlobalSection
	GlobalSection(ProjectConfigurationPlatforms) = postSolution
		{9DC9F7FC-507D-4B36-948A-ABD34248AD90}.Debug|Any CPU.ActiveCfg = Debug|Any CPU
		{9DC9F7FC-507D-4B36-948A-ABD34248AD90}.Debug|Any CPU.Build.0 = Debug|Any CPU
		{9DC9F7FC-507D-4B36-948A-ABD34248AD90}.Release|Any CPU.ActiveCfg = Release|Any CPU
		{9DC9F7FC-507D-4B36-948A-ABD34248AD90}.Release|Any CPU.Build.0 = Release|Any CPU
	EndGlobalSection
	GlobalSection(SolutionProperties) = preSolution
		HideSolutionNode = FALSE
	EndGlobalSection
	GlobalSection(ExtensibilityGlobals) = postSolution
		SolutionGuid = {AC5EC8A6-7729-4FEF-8623-CBC6A5F061BB}
	EndGlobalSection
EndGlobal
